
Microsoft Visual Studio Solution File, Format Version 12.00
# Visual Studio Version 16
VisualStudioVersion = 16.0.30717.126
MinimumVisualStudioVersion = 10.0.40219.1
Project("{2150E333-8FDC-42A3-9474-1A3956D46DE8}") = "DIGEIG.Domain", "DIGEIG.Domain", "{347575A4-1D94-4CD4-AEF9-8DC06257D7A8}"
EndProject
Project("{9A19103F-16F7-4668-BE54-9A1E7A4F7556}") = "DIGEIG.Domain", "DIGEIG.Domain\DIGEIG.Domain.csproj", "{27C44229-542A-4FBE-B4DF-5B039EE7D0D8}"
EndProject
Project("{2150E333-8FDC-42A3-9474-1A3956D46DE8}") = "DIGEIG.Application", "DIGEIG.Application", "{E768B445-A03A-4E80-AD51-64CCB27E075F}"
EndProject
Project("{9A19103F-16F7-4668-BE54-9A1E7A4F7556}") = "DIGEIG.Application", "DIGEIG.Aplication\DIGEIG.Application.csproj", "{BED01416-0628-401F-ADD9-DF0A177F2BA0}"
EndProject
Project("{2150E333-8FDC-42A3-9474-1A3956D46DE8}") = "DIGEIG.Infrastructure", "DIGEIG.Infrastructure", "{7559125F-7D0B-42A4-AFA6-4B5EFF438900}"
EndProject
Project("{9A19103F-16F7-4668-BE54-9A1E7A4F7556}") = "DIGEIG.Infrastructure", "DIGEIG.Infrastructure\DIGEIG.Infrastructure.csproj", "{C6FB7766-F621-4FCB-BA9A-4942BE1DA386}"
EndProject
Project("{2150E333-8FDC-42A3-9474-1A3956D46DE8}") = "DIGEIG.Api", "DIGEIG.Api", "{9FFAAEEC-2E67-461D-9E83-D3126F981641}"
EndProject
Project("{9A19103F-16F7-4668-BE54-9A1E7A4F7556}") = "DIGEIG.Api", "DIGEIG.Api\DIGEIG.Api.csproj", "{9C5D7F31-40D3-4EE2-8355-4231B69E3164}"
EndProject
Project("{2150E333-8FDC-42A3-9474-1A3956D46DE8}") = "Common", "Common", "{C49F218B-243B-4B96-97A4-18810B8DA9A0}"
EndProject
Project("{9A19103F-16F7-4668-BE54-9A1E7A4F7556}") = "DGEIG.Common", "DGEIG.Common\DGEIG.Common.csproj", "{9D6CF273-6B50-4675-A7DF-5C4363B9113A}"
EndProject
Global
	GlobalSection(SolutionConfigurationPlatforms) = preSolution
		Debug|Any CPU = Debug|Any CPU
		Release|Any CPU = Release|Any CPU
	EndGlobalSection
	GlobalSection(ProjectConfigurationPlatforms) = postSolution
		{27C44229-542A-4FBE-B4DF-5B039EE7D0D8}.Debug|Any CPU.ActiveCfg = Debug|Any CPU
		{27C44229-542A-4FBE-B4DF-5B039EE7D0D8}.Debug|Any CPU.Build.0 = Debug|Any CPU
		{27C44229-542A-4FBE-B4DF-5B039EE7D0D8}.Release|Any CPU.ActiveCfg = Release|Any CPU
		{27C44229-542A-4FBE-B4DF-5B039EE7D0D8}.Release|Any CPU.Build.0 = Release|Any CPU
		{BED01416-0628-401F-ADD9-DF0A177F2BA0}.Debug|Any CPU.ActiveCfg = Debug|Any CPU
		{BED01416-0628-401F-ADD9-DF0A177F2BA0}.Debug|Any CPU.Build.0 = Debug|Any CPU
		{BED01416-0628-401F-ADD9-DF0A177F2BA0}.Release|Any CPU.ActiveCfg = Release|Any CPU
		{BED01416-0628-401F-ADD9-DF0A177F2BA0}.Release|Any CPU.Build.0 = Release|Any CPU
		{C6FB7766-F621-4FCB-BA9A-4942BE1DA386}.Debug|Any CPU.ActiveCfg = Debug|Any CPU
		{C6FB7766-F621-4FCB-BA9A-4942BE1DA386}.Debug|Any CPU.Build.0 = Debug|Any CPU
		{C6FB7766-F621-4FCB-BA9A-4942BE1DA386}.Release|Any CPU.ActiveCfg = Release|Any CPU
		{C6FB7766-F621-4FCB-BA9A-4942BE1DA386}.Release|Any CPU.Build.0 = Release|Any CPU
		{9C5D7F31-40D3-4EE2-8355-4231B69E3164}.Debug|Any CPU.ActiveCfg = Debug|Any CPU
		{9C5D7F31-40D3-4EE2-8355-4231B69E3164}.Debug|Any CPU.Build.0 = Debug|Any CPU
		{9C5D7F31-40D3-4EE2-8355-4231B69E3164}.Release|Any CPU.ActiveCfg = Release|Any CPU
		{9C5D7F31-40D3-4EE2-8355-4231B69E3164}.Release|Any CPU.Build.0 = Release|Any CPU
		{9D6CF273-6B50-4675-A7DF-5C4363B9113A}.Debug|Any CPU.ActiveCfg = Debug|Any CPU
		{9D6CF273-6B50-4675-A7DF-5C4363B9113A}.Debug|Any CPU.Build.0 = Debug|Any CPU
		{9D6CF273-6B50-4675-A7DF-5C4363B9113A}.Release|Any CPU.ActiveCfg = Release|Any CPU
		{9D6CF273-6B50-4675-A7DF-5C4363B9113A}.Release|Any CPU.Build.0 = Release|Any CPU
	EndGlobalSection
	GlobalSection(SolutionProperties) = preSolution
		HideSolutionNode = FALSE
	EndGlobalSection
	GlobalSection(NestedProjects) = preSolution
		{27C44229-542A-4FBE-B4DF-5B039EE7D0D8} = {347575A4-1D94-4CD4-AEF9-8DC06257D7A8}
		{BED01416-0628-401F-ADD9-DF0A177F2BA0} = {E768B445-A03A-4E80-AD51-64CCB27E075F}
		{C6FB7766-F621-4FCB-BA9A-4942BE1DA386} = {7559125F-7D0B-42A4-AFA6-4B5EFF438900}
		{9C5D7F31-40D3-4EE2-8355-4231B69E3164} = {9FFAAEEC-2E67-461D-9E83-D3126F981641}
		{9D6CF273-6B50-4675-A7DF-5C4363B9113A} = {C49F218B-243B-4B96-97A4-18810B8DA9A0}
	EndGlobalSection
	GlobalSection(ExtensibilityGlobals) = postSolution
		SolutionGuid = {D6FEFCF5-18D2-4BBC-9734-27531FD08809}
	EndGlobalSection
EndGlobal
